
Microsoft Visual Studio Solution File, Format Version 12.00
# Visual Studio Version 17
VisualStudioVersion = 17.7.34221.43
MinimumVisualStudioVersion = 10.0.40219.1
Project("{9A19103F-16F7-4668-BE54-9A1E7A4F7556}") = "JornadaMilhasV0", "src\JornadaMilhasV0.csproj", "{9B5D1D2B-2E7F-4832-81E8-D36035849F96}"
EndProject
Project("{9A19103F-16F7-4668-BE54-9A1E7A4F7556}") = "JornadaMilhas.Testes", "tests\JornadaMilhas.Testes\JornadaMilhas.Testes.csproj", "{5F31F609-E441-49D4-A555-B2AC366C7FAC}"
EndProject
Project("{2150E333-8FDC-42A3-9474-1A3956D46DE8}") = "tests", "tests", "{1BA203A5-83A7-45BB-8164-96347592B64D}"
EndProject
Project("{2150E333-8FDC-42A3-9474-1A3956D46DE8}") = "src", "src", "{9E05DB79-5B1B-402A-AD0F-785B6F26CC8C}"
EndProject
Global
	GlobalSection(SolutionConfigurationPlatforms) = preSolution
		Debug|Any CPU = Debug|Any CPU
		Release|Any CPU = Release|Any CPU
	EndGlobalSection
	GlobalSection(ProjectConfigurationPlatforms) = postSolution
		{9B5D1D2B-2E7F-4832-81E8-D36035849F96}.Debug|Any CPU.ActiveCfg = Debug|Any CPU
		{9B5D1D2B-2E7F-4832-81E8-D36035849F96}.Debug|Any CPU.Build.0 = Debug|Any CPU
		{9B5D1D2B-2E7F-4832-81E8-D36035849F96}.Release|Any CPU.ActiveCfg = Release|Any CPU
		{9B5D1D2B-2E7F-4832-81E8-D36035849F96}.Release|Any CPU.Build.0 = Release|Any CPU
		{5F31F609-E441-49D4-A555-B2AC366C7FAC}.Debug|Any CPU.ActiveCfg = Debug|Any CPU
		{5F31F609-E441-49D4-A555-B2AC366C7FAC}.Debug|Any CPU.Build.0 = Debug|Any CPU
		{5F31F609-E441-49D4-A555-B2AC366C7FAC}.Release|Any CPU.ActiveCfg = Release|Any CPU
		{5F31F609-E441-49D4-A555-B2AC366C7FAC}.Release|Any CPU.Build.0 = Release|Any CPU
	EndGlobalSection
	GlobalSection(SolutionProperties) = preSolution
		HideSolutionNode = FALSE
	EndGlobalSection
	GlobalSection(NestedProjects) = preSolution
		{9B5D1D2B-2E7F-4832-81E8-D36035849F96} = {9E05DB79-5B1B-402A-AD0F-785B6F26CC8C}
		{5F31F609-E441-49D4-A555-B2AC366C7FAC} = {1BA203A5-83A7-45BB-8164-96347592B64D}
	EndGlobalSection
	GlobalSection(ExtensibilityGlobals) = postSolution
		SolutionGuid = {A1D3C185-8AA9-4518-AFAF-F788732EF0F2}
	EndGlobalSection
EndGlobal
